
Microsoft Visual Studio Solution File, Format Version 12.00
# Visual Studio Version 16
VisualStudioVersion = 16.0.28803.202
MinimumVisualStudioVersion = 10.0.40219.1
Project("{FAE04EC0-301F-11D3-BF4B-00C04F79EFBC}") = "cwsearch", "cwsearch\cwsearch.csproj", "{F3CE7375-A334-4740-9EF0-40513771F710}"
EndProject
Global
	GlobalSection(SolutionConfigurationPlatforms) = preSolution
		Debug|Any CPU = Debug|Any CPU
		Release|Any CPU = Release|Any CPU
	EndGlobalSection
	GlobalSection(ProjectConfigurationPlatforms) = postSolution
		{F3CE7375-A334-4740-9EF0-40513771F710}.Debug|Any CPU.ActiveCfg = Debug|Any CPU
		{F3CE7375-A334-4740-9EF0-40513771F710}.Debug|Any CPU.Build.0 = Debug|Any CPU
		{F3CE7375-A334-4740-9EF0-40513771F710}.Release|Any CPU.ActiveCfg = Release|Any CPU
		{F3CE7375-A334-4740-9EF0-40513771F710}.Release|Any CPU.Build.0 = Release|Any CPU
	EndGlobalSection
	GlobalSection(SolutionProperties) = preSolution
		HideSolutionNode = FALSE
	EndGlobalSection
	GlobalSection(ExtensibilityGlobals) = postSolution
		SolutionGuid = {C0F0E640-2416-4833-8D68-8FDD1059233E}
	EndGlobalSection
EndGlobal
